
Microsoft Visual Studio Solution File, Format Version 12.00
# Visual Studio Version 16
VisualStudioVersion = 16.0.31702.278
MinimumVisualStudioVersion = 10.0.40219.1
Project("{FAE04EC0-301F-11D3-BF4B-00C04F79EFBC}") = "HealthClinic", "HealthClinic.csproj", "{CCC40F13-00FE-474E-9075-BFFF552AF7FC}"
EndProject
Global
	GlobalSection(SolutionConfigurationPlatforms) = preSolution
		Debug|Any CPU = Debug|Any CPU
		Release|Any CPU = Release|Any CPU
	EndGlobalSection
	GlobalSection(ProjectConfigurationPlatforms) = postSolution
		{CCC40F13-00FE-474E-9075-BFFF552AF7FC}.Debug|Any CPU.ActiveCfg = Debug|Any CPU
		{CCC40F13-00FE-474E-9075-BFFF552AF7FC}.Debug|Any CPU.Build.0 = Debug|Any CPU
		{CCC40F13-00FE-474E-9075-BFFF552AF7FC}.Release|Any CPU.ActiveCfg = Release|Any CPU
		{CCC40F13-00FE-474E-9075-BFFF552AF7FC}.Release|Any CPU.Build.0 = Release|Any CPU
	EndGlobalSection
	GlobalSection(SolutionProperties) = preSolution
		HideSolutionNode = FALSE
	EndGlobalSection
	GlobalSection(ExtensibilityGlobals) = postSolution
		SolutionGuid = {C5D5F886-C856-4176-B5F9-1949EAF610C3}
	EndGlobalSection
EndGlobal
